
Microsoft Visual Studio Solution File, Format Version 12.00
# Visual Studio 14
VisualStudioVersion = 14.0.25420.1
MinimumVisualStudioVersion = 10.0.40219.1
Project("{FAE04EC0-301F-11D3-BF4B-00C04F79EFBC}") = "KortleksÖvning", "KortleksÖvning\KortleksÖvning.csproj", "{C350F6D8-2DBB-4FCF-B025-3B6681FBD977}"
EndProject
Project("{FAE04EC0-301F-11D3-BF4B-00C04F79EFBC}") = "CardHandlerlib", "CardHandler\CardHandlerlib.csproj", "{AC1F9A5F-B749-4233-99F1-CF2CA851C30A}"
EndProject
Project("{FAE04EC0-301F-11D3-BF4B-00C04F79EFBC}") = "CardHandlerTester_NUnit", "CardHandlerTester_NUnit\CardHandlerTester_NUnit.csproj", "{8D15DCBC-221E-44E1-AFE7-BDF3B3CEE015}"
EndProject
Project("{FAE04EC0-301F-11D3-BF4B-00C04F79EFBC}") = "CardHandler_ModuleTester", "CardHandler_ModuleTester\CardHandler_ModuleTester.csproj", "{B6E5876B-A03C-4239-A773-9115DF8DB00F}"
EndProject
Global
	GlobalSection(SolutionConfigurationPlatforms) = preSolution
		Debug|Any CPU = Debug|Any CPU
		Release|Any CPU = Release|Any CPU
	EndGlobalSection
	GlobalSection(ProjectConfigurationPlatforms) = postSolution
		{C350F6D8-2DBB-4FCF-B025-3B6681FBD977}.Debug|Any CPU.ActiveCfg = Debug|Any CPU
		{C350F6D8-2DBB-4FCF-B025-3B6681FBD977}.Debug|Any CPU.Build.0 = Debug|Any CPU
		{C350F6D8-2DBB-4FCF-B025-3B6681FBD977}.Release|Any CPU.ActiveCfg = Release|Any CPU
		{C350F6D8-2DBB-4FCF-B025-3B6681FBD977}.Release|Any CPU.Build.0 = Release|Any CPU
		{AC1F9A5F-B749-4233-99F1-CF2CA851C30A}.Debug|Any CPU.ActiveCfg = Debug|Any CPU
		{AC1F9A5F-B749-4233-99F1-CF2CA851C30A}.Debug|Any CPU.Build.0 = Debug|Any CPU
		{AC1F9A5F-B749-4233-99F1-CF2CA851C30A}.Release|Any CPU.ActiveCfg = Release|Any CPU
		{AC1F9A5F-B749-4233-99F1-CF2CA851C30A}.Release|Any CPU.Build.0 = Release|Any CPU
		{8D15DCBC-221E-44E1-AFE7-BDF3B3CEE015}.Debug|Any CPU.ActiveCfg = Debug|Any CPU
		{8D15DCBC-221E-44E1-AFE7-BDF3B3CEE015}.Debug|Any CPU.Build.0 = Debug|Any CPU
		{8D15DCBC-221E-44E1-AFE7-BDF3B3CEE015}.Release|Any CPU.ActiveCfg = Release|Any CPU
		{8D15DCBC-221E-44E1-AFE7-BDF3B3CEE015}.Release|Any CPU.Build.0 = Release|Any CPU
		{B6E5876B-A03C-4239-A773-9115DF8DB00F}.Debug|Any CPU.ActiveCfg = Debug|Any CPU
		{B6E5876B-A03C-4239-A773-9115DF8DB00F}.Debug|Any CPU.Build.0 = Debug|Any CPU
		{B6E5876B-A03C-4239-A773-9115DF8DB00F}.Release|Any CPU.ActiveCfg = Release|Any CPU
		{B6E5876B-A03C-4239-A773-9115DF8DB00F}.Release|Any CPU.Build.0 = Release|Any CPU
	EndGlobalSection
	GlobalSection(SolutionProperties) = preSolution
		HideSolutionNode = FALSE
	EndGlobalSection
EndGlobal
